
Microsoft Visual Studio Solution File, Format Version 12.00
# Visual Studio Version 16
VisualStudioVersion = 16.0.29201.188
MinimumVisualStudioVersion = 10.0.40219.1
Project("{888888A0-9F3D-457C-B088-3A5042F75D52}") = "MBMBAMBot", "MBMBAMBot.pyproj", "{646BE5E3-E191-41DD-8ED5-854B2C93D4D6}"
EndProject
Global
	GlobalSection(SolutionConfigurationPlatforms) = preSolution
		Debug|Any CPU = Debug|Any CPU
		Release|Any CPU = Release|Any CPU
	EndGlobalSection
	GlobalSection(ProjectConfigurationPlatforms) = postSolution
		{646BE5E3-E191-41DD-8ED5-854B2C93D4D6}.Debug|Any CPU.ActiveCfg = Debug|Any CPU
		{646BE5E3-E191-41DD-8ED5-854B2C93D4D6}.Release|Any CPU.ActiveCfg = Release|Any CPU
	EndGlobalSection
	GlobalSection(SolutionProperties) = preSolution
		HideSolutionNode = FALSE
	EndGlobalSection
	GlobalSection(ExtensibilityGlobals) = postSolution
		SolutionGuid = {8FE8A81C-82D8-4D77-B31E-5F524863D33B}
	EndGlobalSection
EndGlobal
